
Microsoft Visual Studio Solution File, Format Version 12.00
# Visual Studio Version 16
VisualStudioVersion = 16.0.30011.22
MinimumVisualStudioVersion = 10.0.40219.1
Project("{FAE04EC0-301F-11D3-BF4B-00C04F79EFBC}") = "WebApp01", "WebApp01\WebApp01.csproj", "{BFEFCD79-A2FA-4AA8-A136-3DF1FEF0CDE2}"
EndProject
Global
	GlobalSection(SolutionConfigurationPlatforms) = preSolution
		Debug|Any CPU = Debug|Any CPU
		Release|Any CPU = Release|Any CPU
	EndGlobalSection
	GlobalSection(ProjectConfigurationPlatforms) = postSolution
		{BFEFCD79-A2FA-4AA8-A136-3DF1FEF0CDE2}.Debug|Any CPU.ActiveCfg = Debug|Any CPU
		{BFEFCD79-A2FA-4AA8-A136-3DF1FEF0CDE2}.Debug|Any CPU.Build.0 = Debug|Any CPU
		{BFEFCD79-A2FA-4AA8-A136-3DF1FEF0CDE2}.Release|Any CPU.ActiveCfg = Release|Any CPU
		{BFEFCD79-A2FA-4AA8-A136-3DF1FEF0CDE2}.Release|Any CPU.Build.0 = Release|Any CPU
	EndGlobalSection
	GlobalSection(SolutionProperties) = preSolution
		HideSolutionNode = FALSE
	EndGlobalSection
	GlobalSection(ExtensibilityGlobals) = postSolution
		SolutionGuid = {E3612525-3190-4DA6-A8F8-5B5B3657F265}
	EndGlobalSection
EndGlobal
